
Microsoft Visual Studio Solution File, Format Version 12.00
# Visual Studio Version 17
VisualStudioVersion = 17.4.33122.133
MinimumVisualStudioVersion = 10.0.40219.1
Project("{FAE04EC0-301F-11D3-BF4B-00C04F79EFBC}") = "WebApplication1", "WebApplication1\WebApplication1.csproj", "{582C3BB0-515E-4AF5-BD3B-004F96BC73C6}"
EndProject
Global
	GlobalSection(SolutionConfigurationPlatforms) = preSolution
		Debug|Any CPU = Debug|Any CPU
		Release|Any CPU = Release|Any CPU
	EndGlobalSection
	GlobalSection(ProjectConfigurationPlatforms) = postSolution
		{582C3BB0-515E-4AF5-BD3B-004F96BC73C6}.Debug|Any CPU.ActiveCfg = Debug|Any CPU
		{582C3BB0-515E-4AF5-BD3B-004F96BC73C6}.Debug|Any CPU.Build.0 = Debug|Any CPU
		{582C3BB0-515E-4AF5-BD3B-004F96BC73C6}.Release|Any CPU.ActiveCfg = Release|Any CPU
		{582C3BB0-515E-4AF5-BD3B-004F96BC73C6}.Release|Any CPU.Build.0 = Release|Any CPU
	EndGlobalSection
	GlobalSection(SolutionProperties) = preSolution
		HideSolutionNode = FALSE
	EndGlobalSection
	GlobalSection(ExtensibilityGlobals) = postSolution
		SolutionGuid = {FC7255C7-CE80-4F58-A6B0-DD2DBC53C871}
	EndGlobalSection
EndGlobal
